apiVersion: manifests.package-operator.run/v1alpha1
kind: PackageManifestLock
metadata:
  creationTimestamp: "2025-09-18T12:56:07Z"
spec:
  images:
  - digest: sha256:11f158050216614d585886600445e0a1b75ee224d6a6dddc5eba996cc9499fa6
    image: docker.io/nextcloud:31.0.9-apache
    name: nextcloud
  - digest: sha256:395ccd7ee4db0867de0d0410f4712a9e0331cff9fdbd864f71ec0f7982d3ffe6
    image: docker.io/redis:7.2-alpine
    name: redis
