apiVersion: manifests.package-operator.run/v1alpha1
kind: PackageManifestLock
metadata:
  creationTimestamp: "2025-01-08T13:18:34Z"
spec:
  images:
  - digest: sha256:d5b2d6e54f074d8d936a21dccd7bff258446443733e1fa87a4171e51ecd974dc
    image: docker.io/collabora/code:24.04.11.1.1
    name: collabora
